
Microsoft Visual Studio Solution File, Format Version 12.00
Project("{FAE04EC0-301F-11D3-BF4B-00C04F79EFBC}") = "Homework8", "Homework8\Homework8.csproj", "{97379B9E-E0CD-4079-A524-EDB7EBDAFF33}"
EndProject
Project("{FAE04EC0-301F-11D3-BF4B-00C04F79EFBC}") = "Tests", "Tests\Tests.csproj", "{BE97AF1D-6C97-4603-B2FC-2A00B9C85425}"
EndProject
Global
	GlobalSection(SolutionConfigurationPlatforms) = preSolution
		Debug|Any CPU = Debug|Any CPU
		Release|Any CPU = Release|Any CPU
	EndGlobalSection
	GlobalSection(ProjectConfigurationPlatforms) = postSolution
		{97379B9E-E0CD-4079-A524-EDB7EBDAFF33}.Debug|Any CPU.ActiveCfg = Debug|Any CPU
		{97379B9E-E0CD-4079-A524-EDB7EBDAFF33}.Debug|Any CPU.Build.0 = Debug|Any CPU
		{97379B9E-E0CD-4079-A524-EDB7EBDAFF33}.Release|Any CPU.ActiveCfg = Release|Any CPU
		{97379B9E-E0CD-4079-A524-EDB7EBDAFF33}.Release|Any CPU.Build.0 = Release|Any CPU
		{BE97AF1D-6C97-4603-B2FC-2A00B9C85425}.Debug|Any CPU.ActiveCfg = Debug|Any CPU
		{BE97AF1D-6C97-4603-B2FC-2A00B9C85425}.Debug|Any CPU.Build.0 = Debug|Any CPU
		{BE97AF1D-6C97-4603-B2FC-2A00B9C85425}.Release|Any CPU.ActiveCfg = Release|Any CPU
		{BE97AF1D-6C97-4603-B2FC-2A00B9C85425}.Release|Any CPU.Build.0 = Release|Any CPU
	EndGlobalSection
EndGlobal
