
Microsoft Visual Studio Solution File, Format Version 12.00
Project("{F2A71F9B-5D33-465A-A702-920D77279786}") = "Homework6", "Homework6\Homework6.fsproj", "{77F0D938-9891-4367-999D-C301FB20CD28}"
EndProject
Global
	GlobalSection(SolutionConfigurationPlatforms) = preSolution
		Debug|Any CPU = Debug|Any CPU
		Release|Any CPU = Release|Any CPU
	EndGlobalSection
	GlobalSection(ProjectConfigurationPlatforms) = postSolution
		{77F0D938-9891-4367-999D-C301FB20CD28}.Debug|Any CPU.ActiveCfg = Debug|Any CPU
		{77F0D938-9891-4367-999D-C301FB20CD28}.Debug|Any CPU.Build.0 = Debug|Any CPU
		{77F0D938-9891-4367-999D-C301FB20CD28}.Release|Any CPU.ActiveCfg = Release|Any CPU
		{77F0D938-9891-4367-999D-C301FB20CD28}.Release|Any CPU.Build.0 = Release|Any CPU
	EndGlobalSection
EndGlobal
