
Microsoft Visual Studio Solution File, Format Version 12.00
Project("{F2A71F9B-5D33-465A-A702-920D77279786}") = "Homework6", "Homework6\Homework6.fsproj", "{2C62D4D4-3D3A-47B5-9E9E-E6994307C211}"
EndProject
Project("{FAE04EC0-301F-11D3-BF4B-00C04F79EFBC}") = "Tests", "Tests\Tests.csproj", "{533E356A-227E-4C5F-B95A-40865281E261}"
EndProject
Global
	GlobalSection(SolutionConfigurationPlatforms) = preSolution
		Debug|Any CPU = Debug|Any CPU
		Release|Any CPU = Release|Any CPU
	EndGlobalSection
	GlobalSection(ProjectConfigurationPlatforms) = postSolution
		{2C62D4D4-3D3A-47B5-9E9E-E6994307C211}.Debug|Any CPU.ActiveCfg = Debug|Any CPU
		{2C62D4D4-3D3A-47B5-9E9E-E6994307C211}.Debug|Any CPU.Build.0 = Debug|Any CPU
		{2C62D4D4-3D3A-47B5-9E9E-E6994307C211}.Release|Any CPU.ActiveCfg = Release|Any CPU
		{2C62D4D4-3D3A-47B5-9E9E-E6994307C211}.Release|Any CPU.Build.0 = Release|Any CPU
		{533E356A-227E-4C5F-B95A-40865281E261}.Debug|Any CPU.ActiveCfg = Debug|Any CPU
		{533E356A-227E-4C5F-B95A-40865281E261}.Debug|Any CPU.Build.0 = Debug|Any CPU
		{533E356A-227E-4C5F-B95A-40865281E261}.Release|Any CPU.ActiveCfg = Release|Any CPU
		{533E356A-227E-4C5F-B95A-40865281E261}.Release|Any CPU.Build.0 = Release|Any CPU
	EndGlobalSection
EndGlobal
